// !$*UTF8*$!
{
	archiveVersion = 1;
	classes = {
	};
	objectVersion = 77;
	objects = {

/* Begin PBXBuildFile section */
		02B0307A2CBADDD5008398EE /* LazyBones in Frameworks */ = {isa = PBXBuildFile; productRef = 02B030792CBADDD5008398EE /* LazyBones */; };
		02B030B12CBB5A31008398EE /* SwiftBasicFormat in Frameworks */ = {isa = PBXBuildFile; productRef = 02B030B02CBB5A31008398EE /* SwiftBasicFormat */; };
		02B030B32CBB5A31008398EE /* SwiftDiagnostics in Frameworks */ = {isa = PBXBuildFile; productRef = 02B030B22CBB5A31008398EE /* SwiftDiagnostics */; };
		02B030B52CBB5A31008398EE /* SwiftIDEUtils in Frameworks */ = {isa = PBXBuildFile; productRef = 02B030B42CBB5A31008398EE /* SwiftIDEUtils */; };
		02B030B72CBB5A31008398EE /* SwiftOperators in Frameworks */ = {isa = PBXBuildFile; productRef = 02B030B62CBB5A31008398EE /* SwiftOperators */; };
		02B030B92CBB5A31008398EE /* SwiftParser in Frameworks */ = {isa = PBXBuildFile; productRef = 02B030B82CBB5A31008398EE /* SwiftParser */; };
		02B030BB2CBB5A31008398EE /* SwiftParserDiagnostics in Frameworks */ = {isa = PBXBuildFile; productRef = 02B030BA2CBB5A31008398EE /* SwiftParserDiagnostics */; };
		02B030BD2CBB5A31008398EE /* SwiftSyntax in Frameworks */ = {isa = PBXBuildFile; productRef = 02B030BC2CBB5A31008398EE /* SwiftSyntax */; };
		02B030CC2CBC7FCA008398EE /* README.txt in Resources */ = {isa = PBXBuildFile; fileRef = 02B030CB2CBC7FCA008398EE /* README.txt */; };
/* End PBXBuildFile section */

/* Begin PBXFileReference section */
		02B0305A2CBADB0F008398EE /* Rhea.app */ = {isa = PBXFileReference; explicitFileType = wrapper.application; includeInIndex = 0; path = Rhea.app; sourceTree = BUILT_PRODUCTS_DIR; };
		02B030CB2CBC7FCA008398EE /* README.txt */ = {isa = PBXFileReference; lastKnownFileType = text; path = README.txt; sourceTree = "<group>"; };
/* End PBXFileReference section */

/* Begin PBXFileSystemSynchronizedBuildFileExceptionSet section */
		02B030702CBADB10008398EE /* Exceptions for "Rhea" folder in "Rhea" target */ = {
			isa = PBXFileSystemSynchronizedBuildFileExceptionSet;
			membershipExceptions = (
				Info.plist,
			);
			target = 02B030592CBADB0F008398EE /* Rhea */;
		};
/* End PBXFileSystemSynchronizedBuildFileExceptionSet section */

/* Begin PBXFileSystemSynchronizedRootGroup section */
		02B0305C2CBADB0F008398EE /* Rhea */ = {
			isa = PBXFileSystemSynchronizedRootGroup;
			exceptions = (
				02B030702CBADB10008398EE /* Exceptions for "Rhea" folder in "Rhea" target */,
			);
			path = Rhea;
			sourceTree = "<group>";
		};
/* End PBXFileSystemSynchronizedRootGroup section */

/* Begin PBXFrameworksBuildPhase section */
		02B030572CBADB0F008398EE /* Frameworks */ = {
			isa = PBXFrameworksBuildPhase;
			buildActionMask = 2147483647;
			files = (
				02B030B32CBB5A31008398EE /* SwiftDiagnostics in Frameworks */,
				02B030BB2CBB5A31008398EE /* SwiftParserDiagnostics in Frameworks */,
				02B030B92CBB5A31008398EE /* SwiftParser in Frameworks */,
				02B030B52CBB5A31008398EE /* SwiftIDEUtils in Frameworks */,
				02B030B12CBB5A31008398EE /* SwiftBasicFormat in Frameworks */,
				02B0307A2CBADDD5008398EE /* LazyBones in Frameworks */,
				02B030B72CBB5A31008398EE /* SwiftOperators in Frameworks */,
				02B030BD2CBB5A31008398EE /* SwiftSyntax in Frameworks */,
			);
			runOnlyForDeploymentPostprocessing = 0;
		};
/* End PBXFrameworksBuildPhase section */

/* Begin PBXGroup section */
		02B030512CBADB0F008398EE = {
			isa = PBXGroup;
			children = (
				02B030CB2CBC7FCA008398EE /* README.txt */,
				02B0305C2CBADB0F008398EE /* Rhea */,
				02B0305B2CBADB0F008398EE /* Products */,
			);
			sourceTree = "<group>";
		};
		02B0305B2CBADB0F008398EE /* Products */ = {
			isa = PBXGroup;
			children = (
				02B0305A2CBADB0F008398EE /* Rhea.app */,
			);
			name = Products;
			sourceTree = "<group>";
		};
/* End PBXGroup section */

/* Begin PBXNativeTarget section */
		02B030592CBADB0F008398EE /* Rhea */ = {
			isa = PBXNativeTarget;
			buildConfigurationList = 02B030712CBADB10008398EE /* Build configuration list for PBXNativeTarget "Rhea" */;
			buildPhases = (
				02B030562CBADB0F008398EE /* Sources */,
				02B030572CBADB0F008398EE /* Frameworks */,
				02B030582CBADB0F008398EE /* Resources */,
			);
			buildRules = (
			);
			dependencies = (
			);
			fileSystemSynchronizedGroups = (
				02B0305C2CBADB0F008398EE /* Rhea */,
			);
			name = Rhea;
			packageProductDependencies = (
				02B030792CBADDD5008398EE /* LazyBones */,
				02B030B02CBB5A31008398EE /* SwiftBasicFormat */,
				02B030B22CBB5A31008398EE /* SwiftDiagnostics */,
				02B030B42CBB5A31008398EE /* SwiftIDEUtils */,
				02B030B62CBB5A31008398EE /* SwiftOperators */,
				02B030B82CBB5A31008398EE /* SwiftParser */,
				02B030BA2CBB5A31008398EE /* SwiftParserDiagnostics */,
				02B030BC2CBB5A31008398EE /* SwiftSyntax */,
			);
			productName = Rhea;
			productReference = 02B0305A2CBADB0F008398EE /* Rhea.app */;
			productType = "com.apple.product-type.application";
		};
/* End PBXNativeTarget section */

/* Begin PBXProject section */
		02B030522CBADB0F008398EE /* Project object */ = {
			isa = PBXProject;
			attributes = {
				BuildIndependentTargetsInParallel = 1;
				LastSwiftUpdateCheck = 1600;
				LastUpgradeCheck = 1600;
				TargetAttributes = {
					02B030592CBADB0F008398EE = {
						CreatedOnToolsVersion = 16.0;
					};
				};
			};
			buildConfigurationList = 02B030552CBADB0F008398EE /* Build configuration list for PBXProject "Rhea" */;
			developmentRegion = en;
			hasScannedForEncodings = 0;
			knownRegions = (
				en,
				Base,
			);
			mainGroup = 02B030512CBADB0F008398EE;
			minimizedProjectReferenceProxies = 1;
			packageReferences = (
				02B030782CBADDD5008398EE /* XCRemoteSwiftPackageReference "lazybones" */,
				02B030AF2CBB5A31008398EE /* XCRemoteSwiftPackageReference "swift-syntax" */,
			);
			preferredProjectObjectVersion = 77;
			productRefGroup = 02B0305B2CBADB0F008398EE /* Products */;
			projectDirPath = "";
			projectRoot = "";
			targets = (
				02B030592CBADB0F008398EE /* Rhea */,
			);
		};
/* End PBXProject section */

/* Begin PBXResourcesBuildPhase section */
		02B030582CBADB0F008398EE /* Resources */ = {
			isa = PBXResourcesBuildPhase;
			buildActionMask = 2147483647;
			files = (
				02B030CC2CBC7FCA008398EE /* README.txt in Resources */,
			);
			runOnlyForDeploymentPostprocessing = 0;
		};
/* End PBXResourcesBuildPhase section */

/* Begin PBXSourcesBuildPhase section */
		02B030562CBADB0F008398EE /* Sources */ = {
			isa = PBXSourcesBuildPhase;
			buildActionMask = 2147483647;
			files = (
			);
			runOnlyForDeploymentPostprocessing = 0;
		};
/* End PBXSourcesBuildPhase section */

/* Begin XCBuildConfiguration section */
		02B030722CBADB10008398EE /* Debug */ = {
			isa = XCBuildConfiguration;
			buildSettings = {
				ASSETCATALOG_COMPILER_APPICON_NAME = AppIcon;
				ASSETCATALOG_COMPILER_GLOBAL_ACCENT_COLOR_NAME = AccentColor;
				CODE_SIGN_ENTITLEMENTS = Rhea/Rhea.entitlements;
				CODE_SIGN_STYLE = Automatic;
				CURRENT_PROJECT_VERSION = 1;
				DEVELOPMENT_TEAM = QLP74BV84M;
				GENERATE_INFOPLIST_FILE = YES;
				INFOPLIST_FILE = Rhea/Info.plist;
				INFOPLIST_KEY_UIApplicationSupportsIndirectInputEvents = YES;
				INFOPLIST_KEY_UILaunchStoryboardName = LaunchScreen;
				INFOPLIST_KEY_UISupportedInterfaceOrientations_iPad = "UIInterfaceOrientationPortrait UIInterfaceOrientationPortraitUpsideDown UIInterfaceOrientationLandscapeLeft UIInterfaceOrientationLandscapeRight";
				INFOPLIST_KEY_UISupportedInterfaceOrientations_iPhone = "UIInterfaceOrientationPortrait UIInterfaceOrientationLandscapeLeft UIInterfaceOrientationLandscapeRight";
				LD_RUNPATH_SEARCH_PATHS = (
					"$(inherited)",
					"@executable_path/Frameworks",
				);
				MARKETING_VERSION = 1.0;
				PRODUCT_BUNDLE_IDENTIFIER = lakonic.Rhea;
				PRODUCT_NAME = "$(TARGET_NAME)";
				SWIFT_EMIT_LOC_STRINGS = YES;
				SWIFT_VERSION = 5.0;
				TARGETED_DEVICE_FAMILY = "1,2";
			};
			name = Debug;
		};
		02B030732CBADB10008398EE /* Release */ = {
			isa = XCBuildConfiguration;
			buildSettings = {
				ASSETCATALOG_COMPILER_APPICON_NAME = AppIcon;
				ASSETCATALOG_COMPILER_GLOBAL_ACCENT_COLOR_NAME = AccentColor;
				CODE_SIGN_ENTITLEMENTS = Rhea/Rhea.entitlements;
				CODE_SIGN_STYLE = Automatic;
				CURRENT_PROJECT_VERSION = 1;
				DEVELOPMENT_TEAM = QLP74BV84M;
				GENERATE_INFOPLIST_FILE = YES;
				INFOPLIST_FILE = Rhea/Info.plist;
				INFOPLIST_KEY_UIApplicationSupportsIndirectInputEvents = YES;
				INFOPLIST_KEY_UILaunchStoryboardName = LaunchScreen;
				INFOPLIST_KEY_UISupportedInterfaceOrientations_iPad = "UIInterfaceOrientationPortrait UIInterfaceOrientationPortraitUpsideDown UIInterfaceOrientationLandscapeLeft UIInterfaceOrientationLandscapeRight";
				INFOPLIST_KEY_UISupportedInterfaceOrientations_iPhone = "UIInterfaceOrientationPortrait UIInterfaceOrientationLandscapeLeft UIInterfaceOrientationLandscapeRight";
				LD_RUNPATH_SEARCH_PATHS = (
					"$(inherited)",
					"@executable_path/Frameworks",
				);
				MARKETING_VERSION = 1.0;
				PRODUCT_BUNDLE_IDENTIFIER = lakonic.Rhea;
				PRODUCT_NAME = "$(TARGET_NAME)";
				SWIFT_EMIT_LOC_STRINGS = YES;
				SWIFT_VERSION = 5.0;
				TARGETED_DEVICE_FAMILY = "1,2";
			};
			name = Release;
		};
		02B030742CBADB10008398EE /* Debug */ = {
			isa = XCBuildConfiguration;
			buildSettings = {
				ALWAYS_SEARCH_USER_PATHS = NO;
				ASSETCATALOG_COMPILER_GENERATE_SWIFT_ASSET_SYMBOL_EXTENSIONS = YES;
				CLANG_ANALYZER_NONNULL = YES;
				CLANG_ANALYZER_NUMBER_OBJECT_CONVERSION = YES_AGGRESSIVE;
				CLANG_CXX_LANGUAGE_STANDARD = "gnu++20";
				CLANG_ENABLE_MODULES = YES;
				CLANG_ENABLE_OBJC_ARC = YES;
				CLANG_ENABLE_OBJC_WEAK = YES;
				CLANG_WARN_BLOCK_CAPTURE_AUTORELEASING = YES;
				CLANG_WARN_BOOL_CONVERSION = YES;
				CLANG_WARN_COMMA = YES;
				CLANG_WARN_CONSTANT_CONVERSION = YES;
				CLANG_WARN_DEPRECATED_OBJC_IMPLEMENTATIONS = YES;
				CLANG_WARN_DIRECT_OBJC_ISA_USAGE = YES_ERROR;
				CLANG_WARN_DOCUMENTATION_COMMENTS = YES;
				CLANG_WARN_EMPTY_BODY = YES;
				CLANG_WARN_ENUM_CONVERSION = YES;
				CLANG_WARN_INFINITE_RECURSION = YES;
				CLANG_WARN_INT_CONVERSION = YES;
				CLANG_WARN_NON_LITERAL_NULL_CONVERSION = YES;
				CLANG_WARN_OBJC_IMPLICIT_RETAIN_SELF = YES;
				CLANG_WARN_OBJC_LITERAL_CONVERSION = YES;
				CLANG_WARN_OBJC_ROOT_CLASS = YES_ERROR;
				CLANG_WARN_QUOTED_INCLUDE_IN_FRAMEWORK_HEADER = YES;
				CLANG_WARN_RANGE_LOOP_ANALYSIS = YES;
				CLANG_WARN_STRICT_PROTOTYPES = YES;
				CLANG_WARN_SUSPICIOUS_MOVE = YES;
				CLANG_WARN_UNGUARDED_AVAILABILITY = YES_AGGRESSIVE;
				CLANG_WARN_UNREACHABLE_CODE = YES;
				CLANG_WARN__DUPLICATE_METHOD_MATCH = YES;
				COPY_PHASE_STRIP = NO;
				DEBUG_INFORMATION_FORMAT = dwarf;
				ENABLE_STRICT_OBJC_MSGSEND = YES;
				ENABLE_TESTABILITY = YES;
				ENABLE_USER_SCRIPT_SANDBOXING = YES;
				GCC_C_LANGUAGE_STANDARD = gnu17;
				GCC_DYNAMIC_NO_PIC = NO;
				GCC_NO_COMMON_BLOCKS = YES;
				GCC_OPTIMIZATION_LEVEL = 0;
				GCC_PREPROCESSOR_DEFINITIONS = (
					"DEBUG=1",
					"$(inherited)",
				);
				GCC_WARN_64_TO_32_BIT_CONVERSION = YES;
				GCC_WARN_ABOUT_RETURN_TYPE = YES_ERROR;
				GCC_WARN_UNDECLARED_SELECTOR = YES;
				GCC_WARN_UNINITIALIZED_AUTOS = YES_AGGRESSIVE;
				GCC_WARN_UNUSED_FUNCTION = YES;
				GCC_WARN_UNUSED_VARIABLE = YES;
				IPHONEOS_DEPLOYMENT_TARGET = 18.0;
				LOCALIZATION_PREFERS_STRING_CATALOGS = YES;
				MTL_ENABLE_DEBUG_INFO = INCLUDE_SOURCE;
				MTL_FAST_MATH = YES;
				ONLY_ACTIVE_ARCH = YES;
				SDKROOT = iphoneos;
				SWIFT_ACTIVE_COMPILATION_CONDITIONS = "DEBUG $(inherited)";
				SWIFT_OPTIMIZATION_LEVEL = "-Onone";
			};
			name = Debug;
		};
		02B030752CBADB10008398EE /* Release */ = {
			isa = XCBuildConfiguration;
			buildSettings = {
				ALWAYS_SEARCH_USER_PATHS = NO;
				ASSETCATALOG_COMPILER_GENERATE_SWIFT_ASSET_SYMBOL_EXTENSIONS = YES;
				CLANG_ANALYZER_NONNULL = YES;
				CLANG_ANALYZER_NUMBER_OBJECT_CONVERSION = YES_AGGRESSIVE;
				CLANG_CXX_LANGUAGE_STANDARD = "gnu++20";
				CLANG_ENABLE_MODULES = YES;
				CLANG_ENABLE_OBJC_ARC = YES;
				CLANG_ENABLE_OBJC_WEAK = YES;
				CLANG_WARN_BLOCK_CAPTURE_AUTORELEASING = YES;
				CLANG_WARN_BOOL_CONVERSION = YES;
				CLANG_WARN_COMMA = YES;
				CLANG_WARN_CONSTANT_CONVERSION = YES;
				CLANG_WARN_DEPRECATED_OBJC_IMPLEMENTATIONS = YES;
				CLANG_WARN_DIRECT_OBJC_ISA_USAGE = YES_ERROR;
				CLANG_WARN_DOCUMENTATION_COMMENTS = YES;
				CLANG_WARN_EMPTY_BODY = YES;
				CLANG_WARN_ENUM_CONVERSION = YES;
				CLANG_WARN_INFINITE_RECURSION = YES;
				CLANG_WARN_INT_CONVERSION = YES;
				CLANG_WARN_NON_LITERAL_NULL_CONVERSION = YES;
				CLANG_WARN_OBJC_IMPLICIT_RETAIN_SELF = YES;
				CLANG_WARN_OBJC_LITERAL_CONVERSION = YES;
				CLANG_WARN_OBJC_ROOT_CLASS = YES_ERROR;
				CLANG_WARN_QUOTED_INCLUDE_IN_FRAMEWORK_HEADER = YES;
				CLANG_WARN_RANGE_LOOP_ANALYSIS = YES;
				CLANG_WARN_STRICT_PROTOTYPES = YES;
				CLANG_WARN_SUSPICIOUS_MOVE = YES;
				CLANG_WARN_UNGUARDED_AVAILABILITY = YES_AGGRESSIVE;
				CLANG_WARN_UNREACHABLE_CODE = YES;
				CLANG_WARN__DUPLICATE_METHOD_MATCH = YES;
				COPY_PHASE_STRIP = NO;
				DEBUG_INFORMATION_FORMAT = "dwarf-with-dsym";
				ENABLE_NS_ASSERTIONS = NO;
				ENABLE_STRICT_OBJC_MSGSEND = YES;
				ENABLE_USER_SCRIPT_SANDBOXING = YES;
				GCC_C_LANGUAGE_STANDARD = gnu17;
				GCC_NO_COMMON_BLOCKS = YES;
				GCC_WARN_64_TO_32_BIT_CONVERSION = YES;
				GCC_WARN_ABOUT_RETURN_TYPE = YES_ERROR;
				GCC_WARN_UNDECLARED_SELECTOR = YES;
				GCC_WARN_UNINITIALIZED_AUTOS = YES_AGGRESSIVE;
				GCC_WARN_UNUSED_FUNCTION = YES;
				GCC_WARN_UNUSED_VARIABLE = YES;
				IPHONEOS_DEPLOYMENT_TARGET = 18.0;
				LOCALIZATION_PREFERS_STRING_CATALOGS = YES;
				MTL_ENABLE_DEBUG_INFO = NO;
				MTL_FAST_MATH = YES;
				SDKROOT = iphoneos;
				SWIFT_COMPILATION_MODE = wholemodule;
				VALIDATE_PRODUCT = YES;
			};
			name = Release;
		};
/* End XCBuildConfiguration section */

/* Begin XCConfigurationList section */
		02B030552CBADB0F008398EE /* Build configuration list for PBXProject "Rhea" */ = {
			isa = XCConfigurationList;
			buildConfigurations = (
				02B030742CBADB10008398EE /* Debug */,
				02B030752CBADB10008398EE /* Release */,
			);
			defaultConfigurationIsVisible = 0;
			defaultConfigurationName = Release;
		};
		02B030712CBADB10008398EE /* Build configuration list for PBXNativeTarget "Rhea" */ = {
			isa = XCConfigurationList;
			buildConfigurations = (
				02B030722CBADB10008398EE /* Debug */,
				02B030732CBADB10008398EE /* Release */,
			);
			defaultConfigurationIsVisible = 0;
			defaultConfigurationName = Release;
		};
/* End XCConfigurationList section */

/* Begin XCRemoteSwiftPackageReference section */
		02B030782CBADDD5008398EE /* XCRemoteSwiftPackageReference "lazybones" */ = {
			isa = XCRemoteSwiftPackageReference;
			repositoryURL = "https://github.com/coreybb/lazybones";
			requirement = {
				branch = main;
				kind = branch;
			};
		};
		02B030AF2CBB5A31008398EE /* XCRemoteSwiftPackageReference "swift-syntax" */ = {
			isa = XCRemoteSwiftPackageReference;
			repositoryURL = "https://github.com/swiftlang/swift-syntax.git";
			requirement = {
				kind = upToNextMajorVersion;
				minimumVersion = 600.0.1;
			};
		};
/* End XCRemoteSwiftPackageReference section */

/* Begin XCSwiftPackageProductDependency section */
		02B030792CBADDD5008398EE /* LazyBones */ = {
			isa = XCSwiftPackageProductDependency;
			package = 02B030782CBADDD5008398EE /* XCRemoteSwiftPackageReference "lazybones" */;
			productName = LazyBones;
		};
		02B030B02CBB5A31008398EE /* SwiftBasicFormat */ = {
			isa = XCSwiftPackageProductDependency;
			package = 02B030AF2CBB5A31008398EE /* XCRemoteSwiftPackageReference "swift-syntax" */;
			productName = SwiftBasicFormat;
		};
		02B030B22CBB5A31008398EE /* SwiftDiagnostics */ = {
			isa = XCSwiftPackageProductDependency;
			package = 02B030AF2CBB5A31008398EE /* XCRemoteSwiftPackageReference "swift-syntax" */;
			productName = SwiftDiagnostics;
		};
		02B030B42CBB5A31008398EE /* SwiftIDEUtils */ = {
			isa = XCSwiftPackageProductDependency;
			package = 02B030AF2CBB5A31008398EE /* XCRemoteSwiftPackageReference "swift-syntax" */;
			productName = SwiftIDEUtils;
		};
		02B030B62CBB5A31008398EE /* SwiftOperators */ = {
			isa = XCSwiftPackageProductDependency;
			package = 02B030AF2CBB5A31008398EE /* XCRemoteSwiftPackageReference "swift-syntax" */;
			productName = SwiftOperators;
		};
		02B030B82CBB5A31008398EE /* SwiftParser */ = {
			isa = XCSwiftPackageProductDependency;
			package = 02B030AF2CBB5A31008398EE /* XCRemoteSwiftPackageReference "swift-syntax" */;
			productName = SwiftParser;
		};
		02B030BA2CBB5A31008398EE /* SwiftParserDiagnostics */ = {
			isa = XCSwiftPackageProductDependency;
			package = 02B030AF2CBB5A31008398EE /* XCRemoteSwiftPackageReference "swift-syntax" */;
			productName = SwiftParserDiagnostics;
		};
		02B030BC2CBB5A31008398EE /* SwiftSyntax */ = {
			isa = XCSwiftPackageProductDependency;
			package = 02B030AF2CBB5A31008398EE /* XCRemoteSwiftPackageReference "swift-syntax" */;
			productName = SwiftSyntax;
		};
/* End XCSwiftPackageProductDependency section */
	};
	rootObject = 02B030522CBADB0F008398EE /* Project object */;
}
