{
  "originHash" : "a007c9e158522f8e6516f0987566306bf3f2caca3589dcdf0d125a408fb60f45",
  "pins" : [
    {
      "identity" : "lazybones",
      "kind" : "remoteSourceControl",
      "location" : "https://github.com/coreybb/lazybones",
      "state" : {
        "branch" : "main",
        "revision" : "02c9e561abad06ec624eb07dd14c9d2bd1f9287d"
      }
    },
    {
      "identity" : "swift-syntax",
      "kind" : "remoteSourceControl",
      "location" : "https://github.com/swiftlang/swift-syntax.git",
      "state" : {
        "revision" : "0687f71944021d616d34d922343dcef086855920",
        "version" : "600.0.1"
      }
    },
    {
      "identity" : "witch-hat",
      "kind" : "remoteSourceControl",
      "location" : "https://github.com/coreybb/witch-hat/",
      "state" : {
        "branch" : "main",
        "revision" : "79a38e455bfe0f48ada2d716244cffc8a6245664"
      }
    }
  ],
  "version" : 3
}
